
Microsoft Visual Studio Solution File, Format Version 10.00
# Visual Studio 2008
Project("{FAE04EC0-301F-11D3-BF4B-00C04F79EFBC}") = "CNMC Debug Client", "CNMC Debug Client\CNMC Debug Client.csproj", "{0D7AA7F4-061E-49E4-A079-165DBA822EEB}"
EndProject
Global
	GlobalSection(SolutionConfigurationPlatforms) = preSolution
		Debug|Any CPU = Debug|Any CPU
		Release|Any CPU = Release|Any CPU
	EndGlobalSection
	GlobalSection(ProjectConfigurationPlatforms) = postSolution
		{0D7AA7F4-061E-49E4-A079-165DBA822EEB}.Debug|Any CPU.ActiveCfg = Debug|Any CPU
		{0D7AA7F4-061E-49E4-A079-165DBA822EEB}.Debug|Any CPU.Build.0 = Debug|Any CPU
		{0D7AA7F4-061E-49E4-A079-165DBA822EEB}.Release|Any CPU.ActiveCfg = Release|Any CPU
		{0D7AA7F4-061E-49E4-A079-165DBA822EEB}.Release|Any CPU.Build.0 = Release|Any CPU
	EndGlobalSection
	GlobalSection(SolutionProperties) = preSolution
		HideSolutionNode = FALSE
	EndGlobalSection
EndGlobal
